
Microsoft Visual Studio Solution File, Format Version 12.00
# Visual Studio 15
VisualStudioVersion = 15.0.27428.2015
MinimumVisualStudioVersion = 10.0.40219.1
Project("{FAE04EC0-301F-11D3-BF4B-00C04F79EFBC}") = "NugetServer", "NugetServer\NugetServer.csproj", "{C682B0D9-E2F1-4823-8E1E-EB8A3F1D13E1}"
EndProject
Project("{E53339B2-1760-4266-BCC7-CA923CBCF16C}") = "docker-compose", "docker-compose.dcproj", "{BE1D2EA5-667B-4A6F-BC13-43EB3C98572F}"
EndProject
Project("{2150E333-8FDC-42A3-9474-1A3956D46DE8}") = "scripts", "scripts", "{370AE0B1-1165-4567-AC9E-181A730DA930}"
	ProjectSection(SolutionItems) = preProject
		..\scripts\deploy-container.ps1 = ..\scripts\deploy-container.ps1
		..\scripts\nuget.exe = ..\scripts\nuget.exe
	EndProjectSection
EndProject
Global
	GlobalSection(SolutionConfigurationPlatforms) = preSolution
		Debug|Any CPU = Debug|Any CPU
		Release|Any CPU = Release|Any CPU
	EndGlobalSection
	GlobalSection(ProjectConfigurationPlatforms) = postSolution
		{C682B0D9-E2F1-4823-8E1E-EB8A3F1D13E1}.Debug|Any CPU.ActiveCfg = Debug|Any CPU
		{C682B0D9-E2F1-4823-8E1E-EB8A3F1D13E1}.Debug|Any CPU.Build.0 = Debug|Any CPU
		{C682B0D9-E2F1-4823-8E1E-EB8A3F1D13E1}.Release|Any CPU.ActiveCfg = Release|Any CPU
		{C682B0D9-E2F1-4823-8E1E-EB8A3F1D13E1}.Release|Any CPU.Build.0 = Release|Any CPU
		{BE1D2EA5-667B-4A6F-BC13-43EB3C98572F}.Debug|Any CPU.ActiveCfg = Debug|Any CPU
		{BE1D2EA5-667B-4A6F-BC13-43EB3C98572F}.Debug|Any CPU.Build.0 = Debug|Any CPU
		{BE1D2EA5-667B-4A6F-BC13-43EB3C98572F}.Release|Any CPU.ActiveCfg = Release|Any CPU
		{BE1D2EA5-667B-4A6F-BC13-43EB3C98572F}.Release|Any CPU.Build.0 = Release|Any CPU
	EndGlobalSection
	GlobalSection(SolutionProperties) = preSolution
		HideSolutionNode = FALSE
	EndGlobalSection
	GlobalSection(ExtensibilityGlobals) = postSolution
		SolutionGuid = {A6D3BE5F-94FE-4DC2-B960-35BABE63C35C}
	EndGlobalSection
EndGlobal
